
Microsoft Visual Studio Solution File, Format Version 12.00
Project("{FAE04EC0-301F-11D3-BF4B-00C04F79EFBC}") = "ProjetFinalV2", "ProjetFinalV2\ProjetFinalV2.csproj", "{5D62E02A-5922-448C-B800-A14AE6D44E63}"
EndProject
Global
	GlobalSection(SolutionConfigurationPlatforms) = preSolution
		Debug|Any CPU = Debug|Any CPU
		Release|Any CPU = Release|Any CPU
	EndGlobalSection
	GlobalSection(ProjectConfigurationPlatforms) = postSolution
		{5D62E02A-5922-448C-B800-A14AE6D44E63}.Debug|Any CPU.ActiveCfg = Debug|Any CPU
		{5D62E02A-5922-448C-B800-A14AE6D44E63}.Debug|Any CPU.Build.0 = Debug|Any CPU
		{5D62E02A-5922-448C-B800-A14AE6D44E63}.Release|Any CPU.ActiveCfg = Release|Any CPU
		{5D62E02A-5922-448C-B800-A14AE6D44E63}.Release|Any CPU.Build.0 = Release|Any CPU
	EndGlobalSection
EndGlobal
